
Microsoft Visual Studio Solution File, Format Version 12.00
# Visual Studio Version 16
VisualStudioVersion = 16.0.30225.117
MinimumVisualStudioVersion = 10.0.40219.1
Project("{2150E333-8FDC-42A3-9474-1A3956D46DE8}") = "BLL", "BLL", "{72D0D163-BBB8-40C1-831F-D29C47A3818A}"
EndProject
Project("{2150E333-8FDC-42A3-9474-1A3956D46DE8}") = "DAL", "DAL", "{AD9FCCF8-F3AC-423A-BE57-561BBD03C339}"
EndProject
Project("{2150E333-8FDC-42A3-9474-1A3956D46DE8}") = "PL", "PL", "{BFF232B4-B569-4903-89BD-C488778CCA04}"
EndProject
Project("{2150E333-8FDC-42A3-9474-1A3956D46DE8}") = "Common", "Common", "{9F8A2CC2-7569-4EDA-9DD7-0FF0F26F611F}"
EndProject
Project("{2150E333-8FDC-42A3-9474-1A3956D46DE8}") = "Ioc", "Ioc", "{F605EF35-DEB7-45DE-BF3B-F0B5F7ABA935}"
EndProject
Project("{FAE04EC0-301F-11D3-BF4B-00C04F79EFBC}") = "SSU.Coins.BLL", "SSU.Coins.BLL\SSU.Coins.BLL.csproj", "{3C247268-70D0-4098-8DFB-E91789C547C2}"
EndProject
Project("{FAE04EC0-301F-11D3-BF4B-00C04F79EFBC}") = "SSU.Coins.DAL", "SSU.Coins.DAL\SSU.Coins.DAL.csproj", "{2B08A6D4-4E14-40C5-A22C-DA9C235C2FE9}"
EndProject
Project("{FAE04EC0-301F-11D3-BF4B-00C04F79EFBC}") = "SSU.Coins.DAL.Interface", "SSU.Coins.DAL.Interface\SSU.Coins.DAL.Interface.csproj", "{C8AD91CE-C6AA-4F15-930A-D05892D2649E}"
EndProject
Project("{FAE04EC0-301F-11D3-BF4B-00C04F79EFBC}") = "SSU.Coins.Ioc", "SSU.Coins.Ioc\SSU.Coins.Ioc.csproj", "{37CC1CDB-591D-4AE0-AFC9-7DF8543D4359}"
EndProject
Project("{FAE04EC0-301F-11D3-BF4B-00C04F79EFBC}") = "SSU.Coins.Entities", "SSU.Coins.Entities\SSU.Coins.Entities.csproj", "{49330389-600C-4337-AAAE-2D3291586BF1}"
EndProject
Project("{FAE04EC0-301F-11D3-BF4B-00C04F79EFBC}") = "SSU.Coins.BLL.Interface", "SSU.Coins.BLL.Interface\SSU.Coins.BLL.Interface.csproj", "{58373F0E-7C7B-42A2-81BE-7713F1C43871}"
EndProject
Project("{FAE04EC0-301F-11D3-BF4B-00C04F79EFBC}") = "SSU.Coins.Excecption", "SSU.Coins.Execption\SSU.Coins.Excecption.csproj", "{171FF33E-A2D4-4823-AC0A-41A7D60A35D8}"
EndProject
Project("{FAE04EC0-301F-11D3-BF4B-00C04F79EFBC}") = "SSU.Coins.Logger", "SSU.Coins.Logger\SSU.Coins.Logger.csproj", "{B67B821C-47E0-447D-BEA8-D506A1B6A74B}"
EndProject
Global
	GlobalSection(SolutionConfigurationPlatforms) = preSolution
		Debug|Any CPU = Debug|Any CPU
		Release|Any CPU = Release|Any CPU
	EndGlobalSection
	GlobalSection(ProjectConfigurationPlatforms) = postSolution
		{3C247268-70D0-4098-8DFB-E91789C547C2}.Debug|Any CPU.ActiveCfg = Debug|Any CPU
		{3C247268-70D0-4098-8DFB-E91789C547C2}.Debug|Any CPU.Build.0 = Debug|Any CPU
		{3C247268-70D0-4098-8DFB-E91789C547C2}.Release|Any CPU.ActiveCfg = Release|Any CPU
		{3C247268-70D0-4098-8DFB-E91789C547C2}.Release|Any CPU.Build.0 = Release|Any CPU
		{2B08A6D4-4E14-40C5-A22C-DA9C235C2FE9}.Debug|Any CPU.ActiveCfg = Debug|Any CPU
		{2B08A6D4-4E14-40C5-A22C-DA9C235C2FE9}.Debug|Any CPU.Build.0 = Debug|Any CPU
		{2B08A6D4-4E14-40C5-A22C-DA9C235C2FE9}.Release|Any CPU.ActiveCfg = Release|Any CPU
		{2B08A6D4-4E14-40C5-A22C-DA9C235C2FE9}.Release|Any CPU.Build.0 = Release|Any CPU
		{C8AD91CE-C6AA-4F15-930A-D05892D2649E}.Debug|Any CPU.ActiveCfg = Debug|Any CPU
		{C8AD91CE-C6AA-4F15-930A-D05892D2649E}.Debug|Any CPU.Build.0 = Debug|Any CPU
		{C8AD91CE-C6AA-4F15-930A-D05892D2649E}.Release|Any CPU.ActiveCfg = Release|Any CPU
		{C8AD91CE-C6AA-4F15-930A-D05892D2649E}.Release|Any CPU.Build.0 = Release|Any CPU
		{37CC1CDB-591D-4AE0-AFC9-7DF8543D4359}.Debug|Any CPU.ActiveCfg = Debug|Any CPU
		{37CC1CDB-591D-4AE0-AFC9-7DF8543D4359}.Debug|Any CPU.Build.0 = Debug|Any CPU
		{37CC1CDB-591D-4AE0-AFC9-7DF8543D4359}.Release|Any CPU.ActiveCfg = Release|Any CPU
		{37CC1CDB-591D-4AE0-AFC9-7DF8543D4359}.Release|Any CPU.Build.0 = Release|Any CPU
		{49330389-600C-4337-AAAE-2D3291586BF1}.Debug|Any CPU.ActiveCfg = Debug|Any CPU
		{49330389-600C-4337-AAAE-2D3291586BF1}.Debug|Any CPU.Build.0 = Debug|Any CPU
		{49330389-600C-4337-AAAE-2D3291586BF1}.Release|Any CPU.ActiveCfg = Release|Any CPU
		{49330389-600C-4337-AAAE-2D3291586BF1}.Release|Any CPU.Build.0 = Release|Any CPU
		{58373F0E-7C7B-42A2-81BE-7713F1C43871}.Debug|Any CPU.ActiveCfg = Debug|Any CPU
		{58373F0E-7C7B-42A2-81BE-7713F1C43871}.Debug|Any CPU.Build.0 = Debug|Any CPU
		{58373F0E-7C7B-42A2-81BE-7713F1C43871}.Release|Any CPU.ActiveCfg = Release|Any CPU
		{58373F0E-7C7B-42A2-81BE-7713F1C43871}.Release|Any CPU.Build.0 = Release|Any CPU
		{171FF33E-A2D4-4823-AC0A-41A7D60A35D8}.Debug|Any CPU.ActiveCfg = Debug|Any CPU
		{171FF33E-A2D4-4823-AC0A-41A7D60A35D8}.Debug|Any CPU.Build.0 = Debug|Any CPU
		{171FF33E-A2D4-4823-AC0A-41A7D60A35D8}.Release|Any CPU.ActiveCfg = Release|Any CPU
		{171FF33E-A2D4-4823-AC0A-41A7D60A35D8}.Release|Any CPU.Build.0 = Release|Any CPU
		{B67B821C-47E0-447D-BEA8-D506A1B6A74B}.Debug|Any CPU.ActiveCfg = Debug|Any CPU
		{B67B821C-47E0-447D-BEA8-D506A1B6A74B}.Debug|Any CPU.Build.0 = Debug|Any CPU
		{B67B821C-47E0-447D-BEA8-D506A1B6A74B}.Release|Any CPU.ActiveCfg = Release|Any CPU
		{B67B821C-47E0-447D-BEA8-D506A1B6A74B}.Release|Any CPU.Build.0 = Release|Any CPU
	EndGlobalSection
	GlobalSection(SolutionProperties) = preSolution
		HideSolutionNode = FALSE
	EndGlobalSection
	GlobalSection(NestedProjects) = preSolution
		{3C247268-70D0-4098-8DFB-E91789C547C2} = {72D0D163-BBB8-40C1-831F-D29C47A3818A}
		{2B08A6D4-4E14-40C5-A22C-DA9C235C2FE9} = {AD9FCCF8-F3AC-423A-BE57-561BBD03C339}
		{C8AD91CE-C6AA-4F15-930A-D05892D2649E} = {AD9FCCF8-F3AC-423A-BE57-561BBD03C339}
		{37CC1CDB-591D-4AE0-AFC9-7DF8543D4359} = {F605EF35-DEB7-45DE-BF3B-F0B5F7ABA935}
		{49330389-600C-4337-AAAE-2D3291586BF1} = {9F8A2CC2-7569-4EDA-9DD7-0FF0F26F611F}
		{58373F0E-7C7B-42A2-81BE-7713F1C43871} = {72D0D163-BBB8-40C1-831F-D29C47A3818A}
		{171FF33E-A2D4-4823-AC0A-41A7D60A35D8} = {9F8A2CC2-7569-4EDA-9DD7-0FF0F26F611F}
		{B67B821C-47E0-447D-BEA8-D506A1B6A74B} = {9F8A2CC2-7569-4EDA-9DD7-0FF0F26F611F}
	EndGlobalSection
	GlobalSection(ExtensibilityGlobals) = postSolution
		SolutionGuid = {120CDFD0-D0C1-4316-B8E2-367E860C60E0}
	EndGlobalSection
EndGlobal
